// !$*UTF8*$!
{
	archiveVersion = 1;
	classes = {
	};
	objectVersion = 50;
	objects = {

/* Begin PBXBuildFile section */
		FF319B2820F4ABF0000A5826 /* LoadingHUD.swift in Sources */ = {isa = PBXBuildFile; fileRef = FF319B2720F4ABF0000A5826 /* LoadingHUD.swift */; };
		FF319B2A20F4AC12000A5826 /* LoadingView.swift in Sources */ = {isa = PBXBuildFile; fileRef = FF319B2920F4AC12000A5826 /* LoadingView.swift */; };
		FF319B2C20F4AC26000A5826 /* SVRadialGradientLayer.swift in Sources */ = {isa = PBXBuildFile; fileRef = FF319B2B20F4AC26000A5826 /* SVRadialGradientLayer.swift */; };
		FF319B2F20F4AC3F000A5826 /* UIColor+Extensions.swift in Sources */ = {isa = PBXBuildFile; fileRef = FF319B2E20F4AC3F000A5826 /* UIColor+Extensions.swift */; };
		FF319B3120F4AC5A000A5826 /* UIPullToRefreshTableView.swift in Sources */ = {isa = PBXBuildFile; fileRef = FF319B3020F4AC5A000A5826 /* UIPullToRefreshTableView.swift */; };
		FF46D94B20F62C9E005E3018 /* OfflineBannerView.swift in Sources */ = {isa = PBXBuildFile; fileRef = FF46D94A20F62C9E005E3018 /* OfflineBannerView.swift */; };
		FF46D94D20F62CBB005E3018 /* DeviceHelper.swift in Sources */ = {isa = PBXBuildFile; fileRef = FF46D94C20F62CBB005E3018 /* DeviceHelper.swift */; };
		FF46D94F20F62CD1005E3018 /* Foundation+Extension+OfflineBanner.swift in Sources */ = {isa = PBXBuildFile; fileRef = FF46D94E20F62CD1005E3018 /* Foundation+Extension+OfflineBanner.swift */; };
		FFB73C2620ECFB7E00E42EC8 /* LPCRipple.swift in Sources */ = {isa = PBXBuildFile; fileRef = FFB73C2520ECFB7E00E42EC8 /* LPCRipple.swift */; };
		FFB73C2820ECFB9D00E42EC8 /* LPCRippleView.swift in Sources */ = {isa = PBXBuildFile; fileRef = FFB73C2720ECFB9D00E42EC8 /* LPCRippleView.swift */; };
		FFB73C2B20ECFC3000E42EC8 /* AnimationType.swift in Sources */ = {isa = PBXBuildFile; fileRef = FFB73C2A20ECFC3000E42EC8 /* AnimationType.swift */; };
		FFB73C2D20ECFC3D00E42EC8 /* LayerAnimator.swift in Sources */ = {isa = PBXBuildFile; fileRef = FFB73C2C20ECFC3D00E42EC8 /* LayerAnimator.swift */; };
		FFB73C3020ECFCBD00E42EC8 /* UIKit+Extension+Ripple.swift in Sources */ = {isa = PBXBuildFile; fileRef = FFB73C2F20ECFCBD00E42EC8 /* UIKit+Extension+Ripple.swift */; };
		FFF153D520D158B300987EFD /* LPCMailContact.swift in Sources */ = {isa = PBXBuildFile; fileRef = FFF153D420D158B300987EFD /* LPCMailContact.swift */; };
		FFF153D820D158CA00987EFD /* ContactActionsDelegate.swift in Sources */ = {isa = PBXBuildFile; fileRef = FFF153D720D158CA00987EFD /* ContactActionsDelegate.swift */; };
		FFF153DB20D158EF00987EFD /* EmailActionSheetHeader.swift in Sources */ = {isa = PBXBuildFile; fileRef = FFF153DA20D158EF00987EFD /* EmailActionSheetHeader.swift */; };
		FFF153E020D1594F00987EFD /* UIKit+Extension+MailContact.swift in Sources */ = {isa = PBXBuildFile; fileRef = FFF153DF20D1594F00987EFD /* UIKit+Extension+MailContact.swift */; };
/* End PBXBuildFile section */

/* Begin PBXFileReference section */
		FF319B2720F4ABF0000A5826 /* LoadingHUD.swift */ = {isa = PBXFileReference; lastKnownFileType = sourcecode.swift; path = LoadingHUD.swift; sourceTree = "<group>"; };
		FF319B2920F4AC12000A5826 /* LoadingView.swift */ = {isa = PBXFileReference; lastKnownFileType = sourcecode.swift; path = LoadingView.swift; sourceTree = "<group>"; };
		FF319B2B20F4AC26000A5826 /* SVRadialGradientLayer.swift */ = {isa = PBXFileReference; lastKnownFileType = sourcecode.swift; path = SVRadialGradientLayer.swift; sourceTree = "<group>"; };
		FF319B2E20F4AC3F000A5826 /* UIColor+Extensions.swift */ = {isa = PBXFileReference; lastKnownFileType = sourcecode.swift; path = "UIColor+Extensions.swift"; sourceTree = "<group>"; };
		FF319B3020F4AC5A000A5826 /* UIPullToRefreshTableView.swift */ = {isa = PBXFileReference; lastKnownFileType = sourcecode.swift; path = UIPullToRefreshTableView.swift; sourceTree = "<group>"; };
		FF46D94A20F62C9E005E3018 /* OfflineBannerView.swift */ = {isa = PBXFileReference; lastKnownFileType = sourcecode.swift; path = OfflineBannerView.swift; sourceTree = "<group>"; };
		FF46D94C20F62CBB005E3018 /* DeviceHelper.swift */ = {isa = PBXFileReference; lastKnownFileType = sourcecode.swift; path = DeviceHelper.swift; sourceTree = "<group>"; };
		FF46D94E20F62CD1005E3018 /* Foundation+Extension+OfflineBanner.swift */ = {isa = PBXFileReference; lastKnownFileType = sourcecode.swift; path = "Foundation+Extension+OfflineBanner.swift"; sourceTree = "<group>"; };
		FFB73C2520ECFB7E00E42EC8 /* LPCRipple.swift */ = {isa = PBXFileReference; lastKnownFileType = sourcecode.swift; path = LPCRipple.swift; sourceTree = "<group>"; };
		FFB73C2720ECFB9D00E42EC8 /* LPCRippleView.swift */ = {isa = PBXFileReference; lastKnownFileType = sourcecode.swift; path = LPCRippleView.swift; sourceTree = "<group>"; };
		FFB73C2A20ECFC3000E42EC8 /* AnimationType.swift */ = {isa = PBXFileReference; lastKnownFileType = sourcecode.swift; path = AnimationType.swift; sourceTree = "<group>"; };
		FFB73C2C20ECFC3D00E42EC8 /* LayerAnimator.swift */ = {isa = PBXFileReference; lastKnownFileType = sourcecode.swift; path = LayerAnimator.swift; sourceTree = "<group>"; };
		FFB73C2F20ECFCBD00E42EC8 /* UIKit+Extension+Ripple.swift */ = {isa = PBXFileReference; lastKnownFileType = sourcecode.swift; path = "UIKit+Extension+Ripple.swift"; sourceTree = "<group>"; };
		FFF153C720D1588600987EFD /* lpc_components.framework */ = {isa = PBXFileReference; explicitFileType = wrapper.framework; includeInIndex = 0; path = lpc_components.framework; sourceTree = BUILT_PRODUCTS_DIR; };
		FFF153CB20D1588600987EFD /* Info.plist */ = {isa = PBXFileReference; lastKnownFileType = text.plist.xml; path = Info.plist; sourceTree = "<group>"; };
		FFF153D420D158B300987EFD /* LPCMailContact.swift */ = {isa = PBXFileReference; lastKnownFileType = sourcecode.swift; path = LPCMailContact.swift; sourceTree = "<group>"; };
		FFF153D720D158CA00987EFD /* ContactActionsDelegate.swift */ = {isa = PBXFileReference; lastKnownFileType = sourcecode.swift; path = ContactActionsDelegate.swift; sourceTree = "<group>"; };
		FFF153DA20D158EF00987EFD /* EmailActionSheetHeader.swift */ = {isa = PBXFileReference; lastKnownFileType = sourcecode.swift; path = EmailActionSheetHeader.swift; sourceTree = "<group>"; };
		FFF153DF20D1594F00987EFD /* UIKit+Extension+MailContact.swift */ = {isa = PBXFileReference; lastKnownFileType = sourcecode.swift; path = "UIKit+Extension+MailContact.swift"; sourceTree = "<group>"; };
/* End PBXFileReference section */

/* Begin PBXFrameworksBuildPhase section */
		FFF153C320D1588600987EFD /* Frameworks */ = {
			isa = PBXFrameworksBuildPhase;
			buildActionMask = 2147483647;
			files = (
			);
			runOnlyForDeploymentPostprocessing = 0;
		};
/* End PBXFrameworksBuildPhase section */

/* Begin PBXGroup section */
		FF319B2620F4AA56000A5826 /* LoadingView */ = {
			isa = PBXGroup;
			children = (
				FF319B2D20F4AC35000A5826 /* Extension */,
				FF319B2720F4ABF0000A5826 /* LoadingHUD.swift */,
				FF319B2920F4AC12000A5826 /* LoadingView.swift */,
				FF319B2B20F4AC26000A5826 /* SVRadialGradientLayer.swift */,
				FF319B3020F4AC5A000A5826 /* UIPullToRefreshTableView.swift */,
			);
			path = LoadingView;
			sourceTree = "<group>";
		};
		FF319B2D20F4AC35000A5826 /* Extension */ = {
			isa = PBXGroup;
			children = (
				FF319B2E20F4AC3F000A5826 /* UIColor+Extensions.swift */,
			);
			path = Extension;
			sourceTree = "<group>";
		};
		FF46D94720F62C5B005E3018 /* OfflineBannerView */ = {
			isa = PBXGroup;
			children = (
				FF46D94820F62C85005E3018 /* Extensions */,
				FF46D94920F62C8D005E3018 /* Helpers */,
				FF46D94A20F62C9E005E3018 /* OfflineBannerView.swift */,
			);
			path = OfflineBannerView;
			sourceTree = "<group>";
		};
		FF46D94820F62C85005E3018 /* Extensions */ = {
			isa = PBXGroup;
			children = (
				FF46D94E20F62CD1005E3018 /* Foundation+Extension+OfflineBanner.swift */,
			);
			path = Extensions;
			sourceTree = "<group>";
		};
		FF46D94920F62C8D005E3018 /* Helpers */ = {
			isa = PBXGroup;
			children = (
				FF46D94C20F62CBB005E3018 /* DeviceHelper.swift */,
			);
			path = Helpers;
			sourceTree = "<group>";
		};
		FF9F1A1E20EB8B9200EBA800 /* MailContact */ = {
			isa = PBXGroup;
			children = (
				FFF153DE20D1593E00987EFD /* Extensions */,
				FFF153D920D158DD00987EFD /* View */,
				FFF153D620D158C000987EFD /* Protocols */,
				FFF153D420D158B300987EFD /* LPCMailContact.swift */,
			);
			path = MailContact;
			sourceTree = "<group>";
		};
		FFB73C2420ECFB4A00E42EC8 /* Ripple */ = {
			isa = PBXGroup;
			children = (
				FFB73C2E20ECFCB100E42EC8 /* Extension */,
				FFB73C2920ECFC2300E42EC8 /* Animation */,
				FFB73C2720ECFB9D00E42EC8 /* LPCRippleView.swift */,
				FFB73C2520ECFB7E00E42EC8 /* LPCRipple.swift */,
			);
			path = Ripple;
			sourceTree = "<group>";
		};
		FFB73C2920ECFC2300E42EC8 /* Animation */ = {
			isa = PBXGroup;
			children = (
				FFB73C2A20ECFC3000E42EC8 /* AnimationType.swift */,
				FFB73C2C20ECFC3D00E42EC8 /* LayerAnimator.swift */,
			);
			path = Animation;
			sourceTree = "<group>";
		};
		FFB73C2E20ECFCB100E42EC8 /* Extension */ = {
			isa = PBXGroup;
			children = (
				FFB73C2F20ECFCBD00E42EC8 /* UIKit+Extension+Ripple.swift */,
			);
			path = Extension;
			sourceTree = "<group>";
		};
		FFF153BD20D1588600987EFD = {
			isa = PBXGroup;
			children = (
				FFF153C920D1588600987EFD /* lpc-components */,
				FFF153C820D1588600987EFD /* Products */,
			);
			sourceTree = "<group>";
		};
		FFF153C820D1588600987EFD /* Products */ = {
			isa = PBXGroup;
			children = (
				FFF153C720D1588600987EFD /* lpc_components.framework */,
			);
			name = Products;
			sourceTree = "<group>";
		};
		FFF153C920D1588600987EFD /* lpc-components */ = {
			isa = PBXGroup;
			children = (
				FFF153D320D158A500987EFD /* Code */,
				FFF153CB20D1588600987EFD /* Info.plist */,
			);
			path = "lpc-components";
			sourceTree = "<group>";
		};
		FFF153D320D158A500987EFD /* Code */ = {
			isa = PBXGroup;
			children = (
				FF46D94720F62C5B005E3018 /* OfflineBannerView */,
				FF319B2620F4AA56000A5826 /* LoadingView */,
				FF9F1A1E20EB8B9200EBA800 /* MailContact */,
				FFB73C2420ECFB4A00E42EC8 /* Ripple */,
			);
			path = Code;
			sourceTree = "<group>";
		};
		FFF153D620D158C000987EFD /* Protocols */ = {
			isa = PBXGroup;
			children = (
				FFF153D720D158CA00987EFD /* ContactActionsDelegate.swift */,
			);
			path = Protocols;
			sourceTree = "<group>";
		};
		FFF153D920D158DD00987EFD /* View */ = {
			isa = PBXGroup;
			children = (
				FFF153DA20D158EF00987EFD /* EmailActionSheetHeader.swift */,
			);
			path = View;
			sourceTree = "<group>";
		};
		FFF153DE20D1593E00987EFD /* Extensions */ = {
			isa = PBXGroup;
			children = (
				FFF153DF20D1594F00987EFD /* UIKit+Extension+MailContact.swift */,
			);
			path = Extensions;
			sourceTree = "<group>";
		};
/* End PBXGroup section */

/* Begin PBXHeadersBuildPhase section */
		FFF153C420D1588600987EFD /* Headers */ = {
			isa = PBXHeadersBuildPhase;
			buildActionMask = 2147483647;
			files = (
			);
			runOnlyForDeploymentPostprocessing = 0;
		};
/* End PBXHeadersBuildPhase section */

/* Begin PBXNativeTarget section */
		FFF153C620D1588600987EFD /* lpc-components */ = {
			isa = PBXNativeTarget;
			buildConfigurationList = FFF153CF20D1588600987EFD /* Build configuration list for PBXNativeTarget "lpc-components" */;
			buildPhases = (
				FFF153C220D1588600987EFD /* Sources */,
				FFF153C320D1588600987EFD /* Frameworks */,
				FFF153C420D1588600987EFD /* Headers */,
				FFF153C520D1588600987EFD /* Resources */,
			);
			buildRules = (
			);
			dependencies = (
			);
			name = "lpc-components";
			productName = "lpc-components";
			productReference = FFF153C720D1588600987EFD /* lpc_components.framework */;
			productType = "com.apple.product-type.framework";
		};
/* End PBXNativeTarget section */

/* Begin PBXProject section */
		FFF153BE20D1588600987EFD /* Project object */ = {
			isa = PBXProject;
			attributes = {
				LastUpgradeCheck = 0940;
				ORGANIZATIONNAME = Lakooz;
				TargetAttributes = {
					FFF153C620D1588600987EFD = {
						CreatedOnToolsVersion = 9.4;
						LastSwiftMigration = 0940;
					};
				};
			};
			buildConfigurationList = FFF153C120D1588600987EFD /* Build configuration list for PBXProject "lpc-components" */;
			compatibilityVersion = "Xcode 9.3";
			developmentRegion = en;
			hasScannedForEncodings = 0;
			knownRegions = (
				en,
			);
			mainGroup = FFF153BD20D1588600987EFD;
			productRefGroup = FFF153C820D1588600987EFD /* Products */;
			projectDirPath = "";
			projectRoot = "";
			targets = (
				FFF153C620D1588600987EFD /* lpc-components */,
			);
		};
/* End PBXProject section */

/* Begin PBXResourcesBuildPhase section */
		FFF153C520D1588600987EFD /* Resources */ = {
			isa = PBXResourcesBuildPhase;
			buildActionMask = 2147483647;
			files = (
			);
			runOnlyForDeploymentPostprocessing = 0;
		};
/* End PBXResourcesBuildPhase section */

/* Begin PBXSourcesBuildPhase section */
		FFF153C220D1588600987EFD /* Sources */ = {
			isa = PBXSourcesBuildPhase;
			buildActionMask = 2147483647;
			files = (
				FFB73C2820ECFB9D00E42EC8 /* LPCRippleView.swift in Sources */,
				FF319B3120F4AC5A000A5826 /* UIPullToRefreshTableView.swift in Sources */,
				FFF153DB20D158EF00987EFD /* EmailActionSheetHeader.swift in Sources */,
				FFF153D520D158B300987EFD /* LPCMailContact.swift in Sources */,
				FF319B2F20F4AC3F000A5826 /* UIColor+Extensions.swift in Sources */,
				FF319B2A20F4AC12000A5826 /* LoadingView.swift in Sources */,
				FFB73C2B20ECFC3000E42EC8 /* AnimationType.swift in Sources */,
				FF319B2820F4ABF0000A5826 /* LoadingHUD.swift in Sources */,
				FFB73C2620ECFB7E00E42EC8 /* LPCRipple.swift in Sources */,
				FFF153E020D1594F00987EFD /* UIKit+Extension+MailContact.swift in Sources */,
				FFB73C2D20ECFC3D00E42EC8 /* LayerAnimator.swift in Sources */,
				FFB73C3020ECFCBD00E42EC8 /* UIKit+Extension+Ripple.swift in Sources */,
				FFF153D820D158CA00987EFD /* ContactActionsDelegate.swift in Sources */,
				FF46D94F20F62CD1005E3018 /* Foundation+Extension+OfflineBanner.swift in Sources */,
				FF46D94D20F62CBB005E3018 /* DeviceHelper.swift in Sources */,
				FF46D94B20F62C9E005E3018 /* OfflineBannerView.swift in Sources */,
				FF319B2C20F4AC26000A5826 /* SVRadialGradientLayer.swift in Sources */,
			);
			runOnlyForDeploymentPostprocessing = 0;
		};
/* End PBXSourcesBuildPhase section */

/* Begin XCBuildConfiguration section */
		FFF153CD20D1588600987EFD /* Debug */ = {
			isa = XCBuildConfiguration;
			buildSettings = {
				ALWAYS_SEARCH_USER_PATHS = NO;
				CLANG_ANALYZER_NONNULL = YES;
				CLANG_ANALYZER_NUMBER_OBJECT_CONVERSION = YES_AGGRESSIVE;
				CLANG_CXX_LANGUAGE_STANDARD = "gnu++14";
				CLANG_CXX_LIBRARY = "libc++";
				CLANG_ENABLE_MODULES = YES;
				CLANG_ENABLE_OBJC_ARC = YES;
				CLANG_ENABLE_OBJC_WEAK = YES;
				CLANG_WARN_BLOCK_CAPTURE_AUTORELEASING = YES;
				CLANG_WARN_BOOL_CONVERSION = YES;
				CLANG_WARN_COMMA = YES;
				CLANG_WARN_CONSTANT_CONVERSION = YES;
				CLANG_WARN_DEPRECATED_OBJC_IMPLEMENTATIONS = YES;
				CLANG_WARN_DIRECT_OBJC_ISA_USAGE = YES_ERROR;
				CLANG_WARN_DOCUMENTATION_COMMENTS = YES;
				CLANG_WARN_EMPTY_BODY = YES;
				CLANG_WARN_ENUM_CONVERSION = YES;
				CLANG_WARN_INFINITE_RECURSION = YES;
				CLANG_WARN_INT_CONVERSION = YES;
				CLANG_WARN_NON_LITERAL_NULL_CONVERSION = YES;
				CLANG_WARN_OBJC_IMPLICIT_RETAIN_SELF = YES;
				CLANG_WARN_OBJC_LITERAL_CONVERSION = YES;
				CLANG_WARN_OBJC_ROOT_CLASS = YES_ERROR;
				CLANG_WARN_RANGE_LOOP_ANALYSIS = YES;
				CLANG_WARN_STRICT_PROTOTYPES = YES;
				CLANG_WARN_SUSPICIOUS_MOVE = YES;
				CLANG_WARN_UNGUARDED_AVAILABILITY = YES_AGGRESSIVE;
				CLANG_WARN_UNREACHABLE_CODE = YES;
				CLANG_WARN__DUPLICATE_METHOD_MATCH = YES;
				CODE_SIGN_IDENTITY = "iPhone Developer";
				COPY_PHASE_STRIP = NO;
				CURRENT_PROJECT_VERSION = 1;
				DEBUG_INFORMATION_FORMAT = dwarf;
				ENABLE_STRICT_OBJC_MSGSEND = YES;
				ENABLE_TESTABILITY = YES;
				GCC_C_LANGUAGE_STANDARD = gnu11;
				GCC_DYNAMIC_NO_PIC = NO;
				GCC_NO_COMMON_BLOCKS = YES;
				GCC_OPTIMIZATION_LEVEL = 0;
				GCC_PREPROCESSOR_DEFINITIONS = (
					"DEBUG=1",
					"$(inherited)",
				);
				GCC_WARN_64_TO_32_BIT_CONVERSION = YES;
				GCC_WARN_ABOUT_RETURN_TYPE = YES_ERROR;
				GCC_WARN_UNDECLARED_SELECTOR = YES;
				GCC_WARN_UNINITIALIZED_AUTOS = YES_AGGRESSIVE;
				GCC_WARN_UNUSED_FUNCTION = YES;
				GCC_WARN_UNUSED_VARIABLE = YES;
				IPHONEOS_DEPLOYMENT_TARGET = 11.4;
				MTL_ENABLE_DEBUG_INFO = YES;
				ONLY_ACTIVE_ARCH = YES;
				SDKROOT = iphoneos;
				SWIFT_ACTIVE_COMPILATION_CONDITIONS = DEBUG;
				SWIFT_OPTIMIZATION_LEVEL = "-Onone";
				VERSIONING_SYSTEM = "apple-generic";
				VERSION_INFO_PREFIX = "";
			};
			name = Debug;
		};
		FFF153CE20D1588600987EFD /* Release */ = {
			isa = XCBuildConfiguration;
			buildSettings = {
				ALWAYS_SEARCH_USER_PATHS = NO;
				CLANG_ANALYZER_NONNULL = YES;
				CLANG_ANALYZER_NUMBER_OBJECT_CONVERSION = YES_AGGRESSIVE;
				CLANG_CXX_LANGUAGE_STANDARD = "gnu++14";
				CLANG_CXX_LIBRARY = "libc++";
				CLANG_ENABLE_MODULES = YES;
				CLANG_ENABLE_OBJC_ARC = YES;
				CLANG_ENABLE_OBJC_WEAK = YES;
				CLANG_WARN_BLOCK_CAPTURE_AUTORELEASING = YES;
				CLANG_WARN_BOOL_CONVERSION = YES;
				CLANG_WARN_COMMA = YES;
				CLANG_WARN_CONSTANT_CONVERSION = YES;
				CLANG_WARN_DEPRECATED_OBJC_IMPLEMENTATIONS = YES;
				CLANG_WARN_DIRECT_OBJC_ISA_USAGE = YES_ERROR;
				CLANG_WARN_DOCUMENTATION_COMMENTS = YES;
				CLANG_WARN_EMPTY_BODY = YES;
				CLANG_WARN_ENUM_CONVERSION = YES;
				CLANG_WARN_INFINITE_RECURSION = YES;
				CLANG_WARN_INT_CONVERSION = YES;
				CLANG_WARN_NON_LITERAL_NULL_CONVERSION = YES;
				CLANG_WARN_OBJC_IMPLICIT_RETAIN_SELF = YES;
				CLANG_WARN_OBJC_LITERAL_CONVERSION = YES;
				CLANG_WARN_OBJC_ROOT_CLASS = YES_ERROR;
				CLANG_WARN_RANGE_LOOP_ANALYSIS = YES;
				CLANG_WARN_STRICT_PROTOTYPES = YES;
				CLANG_WARN_SUSPICIOUS_MOVE = YES;
				CLANG_WARN_UNGUARDED_AVAILABILITY = YES_AGGRESSIVE;
				CLANG_WARN_UNREACHABLE_CODE = YES;
				CLANG_WARN__DUPLICATE_METHOD_MATCH = YES;
				CODE_SIGN_IDENTITY = "iPhone Developer";
				COPY_PHASE_STRIP = NO;
				CURRENT_PROJECT_VERSION = 1;
				DEBUG_INFORMATION_FORMAT = "dwarf-with-dsym";
				ENABLE_NS_ASSERTIONS = NO;
				ENABLE_STRICT_OBJC_MSGSEND = YES;
				GCC_C_LANGUAGE_STANDARD = gnu11;
				GCC_NO_COMMON_BLOCKS = YES;
				GCC_WARN_64_TO_32_BIT_CONVERSION = YES;
				GCC_WARN_ABOUT_RETURN_TYPE = YES_ERROR;
				GCC_WARN_UNDECLARED_SELECTOR = YES;
				GCC_WARN_UNINITIALIZED_AUTOS = YES_AGGRESSIVE;
				GCC_WARN_UNUSED_FUNCTION = YES;
				GCC_WARN_UNUSED_VARIABLE = YES;
				IPHONEOS_DEPLOYMENT_TARGET = 11.4;
				MTL_ENABLE_DEBUG_INFO = NO;
				SDKROOT = iphoneos;
				SWIFT_COMPILATION_MODE = wholemodule;
				SWIFT_OPTIMIZATION_LEVEL = "-O";
				VALIDATE_PRODUCT = YES;
				VERSIONING_SYSTEM = "apple-generic";
				VERSION_INFO_PREFIX = "";
			};
			name = Release;
		};
		FFF153D020D1588600987EFD /* Debug */ = {
			isa = XCBuildConfiguration;
			buildSettings = {
				CLANG_ENABLE_MODULES = YES;
				CODE_SIGN_IDENTITY = "";
				CODE_SIGN_STYLE = Automatic;
				DEFINES_MODULE = YES;
				DEVELOPMENT_TEAM = ZV8UUV9M4P;
				DYLIB_COMPATIBILITY_VERSION = 1;
				DYLIB_CURRENT_VERSION = 1;
				DYLIB_INSTALL_NAME_BASE = "@rpath";
				INFOPLIST_FILE = "lpc-components/Info.plist";
				INSTALL_PATH = "$(LOCAL_LIBRARY_DIR)/Frameworks";
				IPHONEOS_DEPLOYMENT_TARGET = 9.0;
				LD_RUNPATH_SEARCH_PATHS = (
					"$(inherited)",
					"@executable_path/Frameworks",
					"@loader_path/Frameworks",
				);
				PRODUCT_BUNDLE_IDENTIFIER = "com.lakooz.lpccomponents.lpc-components";
				PRODUCT_NAME = "$(TARGET_NAME:c99extidentifier)";
				SKIP_INSTALL = YES;
				SWIFT_OPTIMIZATION_LEVEL = "-Onone";
				SWIFT_VERSION = 4.0;
				TARGETED_DEVICE_FAMILY = "1,2";
			};
			name = Debug;
		};
		FFF153D120D1588600987EFD /* Release */ = {
			isa = XCBuildConfiguration;
			buildSettings = {
				CLANG_ENABLE_MODULES = YES;
				CODE_SIGN_IDENTITY = "";
				CODE_SIGN_STYLE = Automatic;
				DEFINES_MODULE = YES;
				DEVELOPMENT_TEAM = ZV8UUV9M4P;
				DYLIB_COMPATIBILITY_VERSION = 1;
				DYLIB_CURRENT_VERSION = 1;
				DYLIB_INSTALL_NAME_BASE = "@rpath";
				INFOPLIST_FILE = "lpc-components/Info.plist";
				INSTALL_PATH = "$(LOCAL_LIBRARY_DIR)/Frameworks";
				IPHONEOS_DEPLOYMENT_TARGET = 9.0;
				LD_RUNPATH_SEARCH_PATHS = (
					"$(inherited)",
					"@executable_path/Frameworks",
					"@loader_path/Frameworks",
				);
				PRODUCT_BUNDLE_IDENTIFIER = "com.lakooz.lpccomponents.lpc-components";
				PRODUCT_NAME = "$(TARGET_NAME:c99extidentifier)";
				SKIP_INSTALL = YES;
				SWIFT_VERSION = 4.0;
				TARGETED_DEVICE_FAMILY = "1,2";
			};
			name = Release;
		};
/* End XCBuildConfiguration section */

/* Begin XCConfigurationList section */
		FFF153C120D1588600987EFD /* Build configuration list for PBXProject "lpc-components" */ = {
			isa = XCConfigurationList;
			buildConfigurations = (
				FFF153CD20D1588600987EFD /* Debug */,
				FFF153CE20D1588600987EFD /* Release */,
			);
			defaultConfigurationIsVisible = 0;
			defaultConfigurationName = Release;
		};
		FFF153CF20D1588600987EFD /* Build configuration list for PBXNativeTarget "lpc-components" */ = {
			isa = XCConfigurationList;
			buildConfigurations = (
				FFF153D020D1588600987EFD /* Debug */,
				FFF153D120D1588600987EFD /* Release */,
			);
			defaultConfigurationIsVisible = 0;
			defaultConfigurationName = Release;
		};
/* End XCConfigurationList section */
	};
	rootObject = FFF153BE20D1588600987EFD /* Project object */;
}
